
Microsoft Visual Studio Solution File, Format Version 12.00
# Visual Studio 15
VisualStudioVersion = 15.0.26206.0
MinimumVisualStudioVersion = 10.0.40219.1
Project("{FAE04EC0-301F-11D3-BF4B-00C04F79EFBC}") = "EelData", "EelData\EelData.csproj", "{A2440EF5-9E36-4C5A-A0D9-BFFA1C2A71A4}"
EndProject
Project("{FAE04EC0-301F-11D3-BF4B-00C04F79EFBC}") = "EelData.Networking", "EelData.Networking\EelData.Networking.csproj", "{A31822C4-B8EC-47C3-A067-021A3AD0D6B1}"
EndProject
Project("{FAE04EC0-301F-11D3-BF4B-00C04F79EFBC}") = "EelData.Logger", "EelData.Logger\EelData.Logger.csproj", "{02C2CE00-4C73-4A6A-8A6D-6624FCFF0BF0}"
EndProject
Project("{FAE04EC0-301F-11D3-BF4B-00C04F79EFBC}") = "EelData.Model", "EelData.Model\EelData.Model.csproj", "{8499785E-C88E-493A-B2F9-482211DD7F26}"
EndProject
Project("{FAE04EC0-301F-11D3-BF4B-00C04F79EFBC}") = "EelData.UnitTests", "EelData.Test\EelData.UnitTests.csproj", "{A088860F-77B4-47C8-9E03-B0FA2C7CDBDF}"
EndProject
Project("{FAE04EC0-301F-11D3-BF4B-00C04F79EFBC}") = "EelData.ClientCommunicator", "EelData.ClientCommunicator\EelData.ClientCommunicator.csproj", "{6D48D273-875C-4957-9EC2-DEC9F2E21B34}"
EndProject
Global
	GlobalSection(SolutionConfigurationPlatforms) = preSolution
		Debug|Any CPU = Debug|Any CPU
		Debug|x64 = Debug|x64
		Debug|x86 = Debug|x86
		Release|Any CPU = Release|Any CPU
		Release|x64 = Release|x64
		Release|x86 = Release|x86
	EndGlobalSection
	GlobalSection(ProjectConfigurationPlatforms) = postSolution
		{A2440EF5-9E36-4C5A-A0D9-BFFA1C2A71A4}.Debug|Any CPU.ActiveCfg = Debug|Any CPU
		{A2440EF5-9E36-4C5A-A0D9-BFFA1C2A71A4}.Debug|Any CPU.Build.0 = Debug|Any CPU
		{A2440EF5-9E36-4C5A-A0D9-BFFA1C2A71A4}.Debug|x64.ActiveCfg = Debug|Any CPU
		{A2440EF5-9E36-4C5A-A0D9-BFFA1C2A71A4}.Debug|x64.Build.0 = Debug|Any CPU
		{A2440EF5-9E36-4C5A-A0D9-BFFA1C2A71A4}.Debug|x86.ActiveCfg = Debug|Any CPU
		{A2440EF5-9E36-4C5A-A0D9-BFFA1C2A71A4}.Debug|x86.Build.0 = Debug|Any CPU
		{A2440EF5-9E36-4C5A-A0D9-BFFA1C2A71A4}.Release|Any CPU.ActiveCfg = Release|Any CPU
		{A2440EF5-9E36-4C5A-A0D9-BFFA1C2A71A4}.Release|Any CPU.Build.0 = Release|Any CPU
		{A2440EF5-9E36-4C5A-A0D9-BFFA1C2A71A4}.Release|x64.ActiveCfg = Release|Any CPU
		{A2440EF5-9E36-4C5A-A0D9-BFFA1C2A71A4}.Release|x64.Build.0 = Release|Any CPU
		{A2440EF5-9E36-4C5A-A0D9-BFFA1C2A71A4}.Release|x86.ActiveCfg = Release|Any CPU
		{A2440EF5-9E36-4C5A-A0D9-BFFA1C2A71A4}.Release|x86.Build.0 = Release|Any CPU
		{A31822C4-B8EC-47C3-A067-021A3AD0D6B1}.Debug|Any CPU.ActiveCfg = Debug|Any CPU
		{A31822C4-B8EC-47C3-A067-021A3AD0D6B1}.Debug|Any CPU.Build.0 = Debug|Any CPU
		{A31822C4-B8EC-47C3-A067-021A3AD0D6B1}.Debug|x64.ActiveCfg = Debug|Any CPU
		{A31822C4-B8EC-47C3-A067-021A3AD0D6B1}.Debug|x64.Build.0 = Debug|Any CPU
		{A31822C4-B8EC-47C3-A067-021A3AD0D6B1}.Debug|x86.ActiveCfg = Debug|Any CPU
		{A31822C4-B8EC-47C3-A067-021A3AD0D6B1}.Debug|x86.Build.0 = Debug|Any CPU
		{A31822C4-B8EC-47C3-A067-021A3AD0D6B1}.Release|Any CPU.ActiveCfg = Release|Any CPU
		{A31822C4-B8EC-47C3-A067-021A3AD0D6B1}.Release|Any CPU.Build.0 = Release|Any CPU
		{A31822C4-B8EC-47C3-A067-021A3AD0D6B1}.Release|x64.ActiveCfg = Release|Any CPU
		{A31822C4-B8EC-47C3-A067-021A3AD0D6B1}.Release|x64.Build.0 = Release|Any CPU
		{A31822C4-B8EC-47C3-A067-021A3AD0D6B1}.Release|x86.ActiveCfg = Release|Any CPU
		{A31822C4-B8EC-47C3-A067-021A3AD0D6B1}.Release|x86.Build.0 = Release|Any CPU
		{02C2CE00-4C73-4A6A-8A6D-6624FCFF0BF0}.Debug|Any CPU.ActiveCfg = Debug|Any CPU
		{02C2CE00-4C73-4A6A-8A6D-6624FCFF0BF0}.Debug|Any CPU.Build.0 = Debug|Any CPU
		{02C2CE00-4C73-4A6A-8A6D-6624FCFF0BF0}.Debug|x64.ActiveCfg = Debug|Any CPU
		{02C2CE00-4C73-4A6A-8A6D-6624FCFF0BF0}.Debug|x64.Build.0 = Debug|Any CPU
		{02C2CE00-4C73-4A6A-8A6D-6624FCFF0BF0}.Debug|x86.ActiveCfg = Debug|Any CPU
		{02C2CE00-4C73-4A6A-8A6D-6624FCFF0BF0}.Debug|x86.Build.0 = Debug|Any CPU
		{02C2CE00-4C73-4A6A-8A6D-6624FCFF0BF0}.Release|Any CPU.ActiveCfg = Release|Any CPU
		{02C2CE00-4C73-4A6A-8A6D-6624FCFF0BF0}.Release|Any CPU.Build.0 = Release|Any CPU
		{02C2CE00-4C73-4A6A-8A6D-6624FCFF0BF0}.Release|x64.ActiveCfg = Release|Any CPU
		{02C2CE00-4C73-4A6A-8A6D-6624FCFF0BF0}.Release|x64.Build.0 = Release|Any CPU
		{02C2CE00-4C73-4A6A-8A6D-6624FCFF0BF0}.Release|x86.ActiveCfg = Release|Any CPU
		{02C2CE00-4C73-4A6A-8A6D-6624FCFF0BF0}.Release|x86.Build.0 = Release|Any CPU
		{8499785E-C88E-493A-B2F9-482211DD7F26}.Debug|Any CPU.ActiveCfg = Debug|Any CPU
		{8499785E-C88E-493A-B2F9-482211DD7F26}.Debug|Any CPU.Build.0 = Debug|Any CPU
		{8499785E-C88E-493A-B2F9-482211DD7F26}.Debug|x64.ActiveCfg = Debug|Any CPU
		{8499785E-C88E-493A-B2F9-482211DD7F26}.Debug|x64.Build.0 = Debug|Any CPU
		{8499785E-C88E-493A-B2F9-482211DD7F26}.Debug|x86.ActiveCfg = Debug|Any CPU
		{8499785E-C88E-493A-B2F9-482211DD7F26}.Debug|x86.Build.0 = Debug|Any CPU
		{8499785E-C88E-493A-B2F9-482211DD7F26}.Release|Any CPU.ActiveCfg = Release|Any CPU
		{8499785E-C88E-493A-B2F9-482211DD7F26}.Release|Any CPU.Build.0 = Release|Any CPU
		{8499785E-C88E-493A-B2F9-482211DD7F26}.Release|x64.ActiveCfg = Release|Any CPU
		{8499785E-C88E-493A-B2F9-482211DD7F26}.Release|x64.Build.0 = Release|Any CPU
		{8499785E-C88E-493A-B2F9-482211DD7F26}.Release|x86.ActiveCfg = Release|Any CPU
		{8499785E-C88E-493A-B2F9-482211DD7F26}.Release|x86.Build.0 = Release|Any CPU
		{A088860F-77B4-47C8-9E03-B0FA2C7CDBDF}.Debug|Any CPU.ActiveCfg = Debug|Any CPU
		{A088860F-77B4-47C8-9E03-B0FA2C7CDBDF}.Debug|Any CPU.Build.0 = Debug|Any CPU
		{A088860F-77B4-47C8-9E03-B0FA2C7CDBDF}.Debug|x64.ActiveCfg = Debug|Any CPU
		{A088860F-77B4-47C8-9E03-B0FA2C7CDBDF}.Debug|x64.Build.0 = Debug|Any CPU
		{A088860F-77B4-47C8-9E03-B0FA2C7CDBDF}.Debug|x86.ActiveCfg = Debug|Any CPU
		{A088860F-77B4-47C8-9E03-B0FA2C7CDBDF}.Debug|x86.Build.0 = Debug|Any CPU
		{A088860F-77B4-47C8-9E03-B0FA2C7CDBDF}.Release|Any CPU.ActiveCfg = Release|Any CPU
		{A088860F-77B4-47C8-9E03-B0FA2C7CDBDF}.Release|Any CPU.Build.0 = Release|Any CPU
		{A088860F-77B4-47C8-9E03-B0FA2C7CDBDF}.Release|x64.ActiveCfg = Release|Any CPU
		{A088860F-77B4-47C8-9E03-B0FA2C7CDBDF}.Release|x64.Build.0 = Release|Any CPU
		{A088860F-77B4-47C8-9E03-B0FA2C7CDBDF}.Release|x86.ActiveCfg = Release|Any CPU
		{A088860F-77B4-47C8-9E03-B0FA2C7CDBDF}.Release|x86.Build.0 = Release|Any CPU
		{6D48D273-875C-4957-9EC2-DEC9F2E21B34}.Debug|Any CPU.ActiveCfg = Debug|Any CPU
		{6D48D273-875C-4957-9EC2-DEC9F2E21B34}.Debug|Any CPU.Build.0 = Debug|Any CPU
		{6D48D273-875C-4957-9EC2-DEC9F2E21B34}.Debug|x64.ActiveCfg = Debug|Any CPU
		{6D48D273-875C-4957-9EC2-DEC9F2E21B34}.Debug|x64.Build.0 = Debug|Any CPU
		{6D48D273-875C-4957-9EC2-DEC9F2E21B34}.Debug|x86.ActiveCfg = Debug|Any CPU
		{6D48D273-875C-4957-9EC2-DEC9F2E21B34}.Debug|x86.Build.0 = Debug|Any CPU
		{6D48D273-875C-4957-9EC2-DEC9F2E21B34}.Release|Any CPU.ActiveCfg = Release|Any CPU
		{6D48D273-875C-4957-9EC2-DEC9F2E21B34}.Release|Any CPU.Build.0 = Release|Any CPU
		{6D48D273-875C-4957-9EC2-DEC9F2E21B34}.Release|x64.ActiveCfg = Release|Any CPU
		{6D48D273-875C-4957-9EC2-DEC9F2E21B34}.Release|x64.Build.0 = Release|Any CPU
		{6D48D273-875C-4957-9EC2-DEC9F2E21B34}.Release|x86.ActiveCfg = Release|Any CPU
		{6D48D273-875C-4957-9EC2-DEC9F2E21B34}.Release|x86.Build.0 = Release|Any CPU
	EndGlobalSection
	GlobalSection(SolutionProperties) = preSolution
		HideSolutionNode = FALSE
	EndGlobalSection
EndGlobal
